{
  "requires": true,
  "lockfileVersion": 1,
  "dependencies": {
    "@ionic-native/sqlite": {
      "version": "5.22.0",
      "resolved": "https://registry.npmjs.org/@ionic-native/sqlite/-/sqlite-5.22.0.tgz",
      "integrity": "sha512-ZGfXzfToGeueyWIVcAxdCWACle06jtdvrIUyOXf80n97Bg6iXFtYIKCHVUMabZx9M3SfkY7yW/VjvD97FwkVTA==",
      "requires": {
        "@types/cordova": "^0.0.34"
      }
    },
    "@types/cordova": {
      "version": "0.0.34",
      "resolved": "https://registry.npmjs.org/@types/cordova/-/cordova-0.0.34.tgz",
      "integrity": "sha1-6nrd907Ow9dimCegw54smt3HPQQ="
    }
  }
}
